<?xml version="1.0" encoding="utf-8"?>
<Project ToolsVersion="4.0" xmlns="http://schemas.microsoft.com/developer/msbuild/2003">
  <ItemGroup>
    <Filter Include="Source Files">
      <UniqueIdentifier>{4FC737F1-C7A5-4376-A066-2A32D752A2FF}</UniqueIdentifier>
      <Extensions>cpp;c;cc;cxx;c++;cppm;ixx;def;odl;idl;hpj;bat;asm;asmx</Extensions>
    </Filter>
    <Filter Include="Header Files">
      <UniqueIdentifier>{93995380-89BD-4b04-88EB-625FBE52EBFB}</UniqueIdentifier>
      <Extensions>h;hh;hpp;hxx;h++;hm;inl;inc;ipp;xsd</Extensions>
    </Filter>
    <Filter Include="Resource Files">
      <UniqueIdentifier>{67DA6AB6-F800-4c08-8B7A-83BB121AAD01}</UniqueIdentifier>
      <Extensions>rc;ico;cur;bmp;dlg;rc2;rct;bin;rgs;gif;jpg;jpeg;jpe;resx;tiff;tif;png;wav;mfcribbon-ms</Extensions>
    </Filter>
    <Filter Include="Source Files\File_Management">
      <UniqueIdentifier>{504788e6-7354-4901-93db-0a497d3890c1}</UniqueIdentifier>
    </Filter>
    <Filter Include="Header Files\File_Management">
      <UniqueIdentifier>{f04d199e-f5d8-4451-8ca4-4ffd17acf002}</UniqueIdentifier>
    </Filter>
    <Filter Include="Header Files\Memory_Management">
      <UniqueIdentifier>{b0c2bf46-6114-4d48-9bab-a5ff3077917a}</UniqueIdentifier>
    </Filter>
    <Filter Include="Source Files\Memory_Management">
      <UniqueIdentifier>{c79af73b-b28e-4686-a538-7f43f2fdc792}</UniqueIdentifier>
    </Filter>
    <Filter Include="Source Files\Memory_Management\Files">
      <UniqueIdentifier>{1a45f132-5927-4ab2-80e9-ff310f271e53}</UniqueIdentifier>
    </Filter>
  </ItemGroup>
  <ItemGroup>
    <ClCompile Include="Framework.cpp">
      <Filter>Source Files</Filter>
    </ClCompile>
    <ClCompile Include="FileController.cpp">
      <Filter>Source Files\File_Management</Filter>
    </ClCompile>
    <ClCompile Include="Singleton.cpp">
      <Filter>Source Files\File_Management</Filter>
    </ClCompile>
    <ClCompile Include="StandardIncludes.cpp">
      <Filter>Source Files\File_Management</Filter>
    </ClCompile>
    <ClCompile Include="StackAllocator.cpp">
      <Filter>Source Files\Memory_Management</Filter>
    </ClCompile>
    <ClCompile Include="ObjectPool.cpp">
      <Filter>Source Files\Memory_Management</Filter>
    </ClCompile>
    <ClCompile Include="Resource.cpp">
      <Filter>Source Files\Memory_Management</Filter>
    </ClCompile>
    <ClCompile Include="Serializable.cpp">
      <Filter>Source Files\Memory_Management</Filter>
    </ClCompile>
  </ItemGroup>
  <ItemGroup>
    <ClInclude Include="FileController.h">
      <Filter>Header Files\File_Management</Filter>
    </ClInclude>
    <ClInclude Include="Singleton.h">
      <Filter>Header Files\File_Management</Filter>
    </ClInclude>
    <ClInclude Include="StandardIncludes.h">
      <Filter>Header Files\File_Management</Filter>
    </ClInclude>
    <ClInclude Include="StackAllocator.h">
      <Filter>Header Files\Memory_Management</Filter>
    </ClInclude>
    <ClInclude Include="ObjectPool.h">
      <Filter>Header Files\Memory_Management</Filter>
    </ClInclude>
    <ClInclude Include="Resource.h">
      <Filter>Header Files\Memory_Management</Filter>
    </ClInclude>
    <ClInclude Include="Serializable.h">
      <Filter>Header Files\Memory_Management</Filter>
    </ClInclude>
  </ItemGroup>
  <ItemGroup>
    <Text Include="File1.txt">
      <Filter>Source Files\Memory_Management\Files</Filter>
    </Text>
    <Text Include="File2.txt">
      <Filter>Source Files\Memory_Management\Files</Filter>
    </Text>
    <Text Include="File3.txt">
      <Filter>Source Files\Memory_Management\Files</Filter>
    </Text>
  </ItemGroup>
</Project>